
Microsoft Visual Studio Solution File, Format Version 12.00
# Visual Studio Version 16
VisualStudioVersion = 16.0.29806.167
MinimumVisualStudioVersion = 10.0.40219.1
Project("{FAE04EC0-301F-11D3-BF4B-00C04F79EFBC}") = "Ordering.Web", "Ordering.Web\Ordering.Web.csproj", "{BDA34D09-D89B-48AA-B10C-4C7F38F40FA8}"
EndProject
Project("{FAE04EC0-301F-11D3-BF4B-00C04F79EFBC}") = "Ordering.Core", "Ordering.Core\Ordering.Core.csproj", "{0AE61CB6-8A51-4C20-B8F8-785C2D4D7D9E}"
EndProject
Project("{FAE04EC0-301F-11D3-BF4B-00C04F79EFBC}") = "Ordering.Services", "Ordering.Services\Ordering.Services.csproj", "{572C97EC-B3A5-444E-BF10-3AFB5951FF46}"
EndProject
Project("{FAE04EC0-301F-11D3-BF4B-00C04F79EFBC}") = "Ordering.DataContext", "Ordering.DataContext\Ordering.DataContext.csproj", "{1BA5C97F-15A5-4C5F-A9B5-808379D12D77}"
EndProject
Global
	GlobalSection(SolutionConfigurationPlatforms) = preSolution
		Debug|Any CPU = Debug|Any CPU
		Release|Any CPU = Release|Any CPU
	EndGlobalSection
	GlobalSection(ProjectConfigurationPlatforms) = postSolution
		{BDA34D09-D89B-48AA-B10C-4C7F38F40FA8}.Debug|Any CPU.ActiveCfg = Debug|Any CPU
		{BDA34D09-D89B-48AA-B10C-4C7F38F40FA8}.Debug|Any CPU.Build.0 = Debug|Any CPU
		{BDA34D09-D89B-48AA-B10C-4C7F38F40FA8}.Release|Any CPU.ActiveCfg = Release|Any CPU
		{BDA34D09-D89B-48AA-B10C-4C7F38F40FA8}.Release|Any CPU.Build.0 = Release|Any CPU
		{0AE61CB6-8A51-4C20-B8F8-785C2D4D7D9E}.Debug|Any CPU.ActiveCfg = Debug|Any CPU
		{0AE61CB6-8A51-4C20-B8F8-785C2D4D7D9E}.Debug|Any CPU.Build.0 = Debug|Any CPU
		{0AE61CB6-8A51-4C20-B8F8-785C2D4D7D9E}.Release|Any CPU.ActiveCfg = Release|Any CPU
		{0AE61CB6-8A51-4C20-B8F8-785C2D4D7D9E}.Release|Any CPU.Build.0 = Release|Any CPU
		{572C97EC-B3A5-444E-BF10-3AFB5951FF46}.Debug|Any CPU.ActiveCfg = Debug|Any CPU
		{572C97EC-B3A5-444E-BF10-3AFB5951FF46}.Debug|Any CPU.Build.0 = Debug|Any CPU
		{572C97EC-B3A5-444E-BF10-3AFB5951FF46}.Release|Any CPU.ActiveCfg = Release|Any CPU
		{572C97EC-B3A5-444E-BF10-3AFB5951FF46}.Release|Any CPU.Build.0 = Release|Any CPU
		{1BA5C97F-15A5-4C5F-A9B5-808379D12D77}.Debug|Any CPU.ActiveCfg = Debug|Any CPU
		{1BA5C97F-15A5-4C5F-A9B5-808379D12D77}.Debug|Any CPU.Build.0 = Debug|Any CPU
		{1BA5C97F-15A5-4C5F-A9B5-808379D12D77}.Release|Any CPU.ActiveCfg = Release|Any CPU
		{1BA5C97F-15A5-4C5F-A9B5-808379D12D77}.Release|Any CPU.Build.0 = Release|Any CPU
	EndGlobalSection
	GlobalSection(SolutionProperties) = preSolution
		HideSolutionNode = FALSE
	EndGlobalSection
	GlobalSection(ExtensibilityGlobals) = postSolution
		SolutionGuid = {CA1BC7FC-3F9D-4880-821F-CFDB43B9DEAF}
	EndGlobalSection
EndGlobal
